
Microsoft Visual Studio Solution File, Format Version 12.00
# Visual Studio 2012
# SharpDevelop 5.2
VisualStudioVersion = 12.0.20827.3
MinimumVisualStudioVersion = 10.0.40219.1
Project("{FAE04EC0-301F-11D3-BF4B-00C04F79EFBC}") = "SkiaSharpDemo", "SkiaSharpDemo.csproj", "{5CEF8F81-1641-4E34-A9F7-3A25389F4C4B}"
EndProject
Global
	GlobalSection(SolutionConfigurationPlatforms) = preSolution
		Debug|x86 = Debug|x86
		Release|x86 = Release|x86
	EndGlobalSection
	GlobalSection(ProjectConfigurationPlatforms) = postSolution
		{5CEF8F81-1641-4E34-A9F7-3A25389F4C4B}.Debug|x86.ActiveCfg = Debug|x86
		{5CEF8F81-1641-4E34-A9F7-3A25389F4C4B}.Debug|x86.Build.0 = Debug|x86
		{5CEF8F81-1641-4E34-A9F7-3A25389F4C4B}.Release|x86.ActiveCfg = Release|x86
		{5CEF8F81-1641-4E34-A9F7-3A25389F4C4B}.Release|x86.Build.0 = Release|x86
	EndGlobalSection
EndGlobal
